<?xml version="1.0" encoding="utf-8"?>
<Project ToolsVersion="4.0" xmlns="http://schemas.microsoft.com/developer/msbuild/2003">
  <ItemGroup>
    <Filter Include="Source Files">
      <UniqueIdentifier>{6a7c0d95-60ab-42af-aa76-94f1178bbda2}</UniqueIdentifier>
      <Extensions>cpp;c;cxx;rc;def;r;odl;idl;hpj;bat</Extensions>
    </Filter>
    <Filter Include="Source Files\Sound">
      <UniqueIdentifier>{4191130d-6d4e-4fd4-9e86-6ea6beb99cd6}</UniqueIdentifier>
    </Filter>
    <Filter Include="Source Files\Client">
      <UniqueIdentifier>{c0821015-db5f-4024-bfc0-d4e59ffa417b}</UniqueIdentifier>
    </Filter>
    <Filter Include="Source Files\Graphics">
      <UniqueIdentifier>{0a313c7f-b71c-4bd8-8916-a751ac11d1c4}</UniqueIdentifier>
    </Filter>
    <Filter Include="Source Files\Network">
      <UniqueIdentifier>{897eb31e-137d-4f25-96fe-1c809497d169}</UniqueIdentifier>
    </Filter>
    <Filter Include="Source Files\Server">
      <UniqueIdentifier>{bd2a1c74-1afd-4e39-9309-8ebf3b011565}</UniqueIdentifier>
    </Filter>
    <Filter Include="Source Files\UI">
      <UniqueIdentifier>{0dca2917-5205-4132-8d84-7268a4a1a441}</UniqueIdentifier>
    </Filter>
    <Filter Include="Source Files\Misc">
      <UniqueIdentifier>{f547ef6d-9e8d-4f56-aef1-fee404acbf41}</UniqueIdentifier>
    </Filter>
    <Filter Include="Resource Files">
      <UniqueIdentifier>{af4b8ced-e722-4418-95d7-10ab054f65f3}</UniqueIdentifier>
      <Extensions>ico;cur;bmp;dlg;rc2;rct;bin;rgs;gif;jpg;jpeg;jpe</Extensions>
    </Filter>
    <Filter Include="Source Files\Neural">
      <UniqueIdentifier>{4a1deb5f-f10d-462c-b4d5-b22116576936}</UniqueIdentifier>
    </Filter>
  </ItemGroup>
  <ItemGroup>
    <ClCompile Include="cd_win.c">
      <Filter>Source Files\Sound</Filter>
    </ClCompile>
    <ClCompile Include="snd_dma.c">
      <Filter>Source Files\Sound</Filter>
    </ClCompile>
    <ClCompile Include="snd_mem.c">
      <Filter>Source Files\Sound</Filter>
    </ClCompile>
    <ClCompile Include="snd_mix.c">
      <Filter>Source Files\Sound</Filter>
    </ClCompile>
    <ClCompile Include="snd_win.c">
      <Filter>Source Files\Sound</Filter>
    </ClCompile>
    <ClCompile Include="chase.c">
      <Filter>Source Files\Client</Filter>
    </ClCompile>
    <ClCompile Include="cl_demo.c">
      <Filter>Source Files\Client</Filter>
    </ClCompile>
    <ClCompile Include="cl_input.c">
      <Filter>Source Files\Client</Filter>
    </ClCompile>
    <ClCompile Include="cl_main.c">
      <Filter>Source Files\Client</Filter>
    </ClCompile>
    <ClCompile Include="cl_parse.c">
      <Filter>Source Files\Client</Filter>
    </ClCompile>
    <ClCompile Include="cl_tent.c">
      <Filter>Source Files\Client</Filter>
    </ClCompile>
    <ClCompile Include="gl_draw.c">
      <Filter>Source Files\Graphics</Filter>
    </ClCompile>
    <ClCompile Include="gl_fog.c">
      <Filter>Source Files\Graphics</Filter>
    </ClCompile>
    <ClCompile Include="gl_mesh.c">
      <Filter>Source Files\Graphics</Filter>
    </ClCompile>
    <ClCompile Include="gl_model.c">
      <Filter>Source Files\Graphics</Filter>
    </ClCompile>
    <ClCompile Include="gl_refrag.c">
      <Filter>Source Files\Graphics</Filter>
    </ClCompile>
    <ClCompile Include="gl_rlight.c">
      <Filter>Source Files\Graphics</Filter>
    </ClCompile>
    <ClCompile Include="gl_rmain.c">
      <Filter>Source Files\Graphics</Filter>
    </ClCompile>
    <ClCompile Include="gl_rmisc.c">
      <Filter>Source Files\Graphics</Filter>
    </ClCompile>
    <ClCompile Include="gl_screen.c">
      <Filter>Source Files\Graphics</Filter>
    </ClCompile>
    <ClCompile Include="gl_sky.c">
      <Filter>Source Files\Graphics</Filter>
    </ClCompile>
    <ClCompile Include="gl_test.c">
      <Filter>Source Files\Graphics</Filter>
    </ClCompile>
    <ClCompile Include="gl_texmgr.c">
      <Filter>Source Files\Graphics</Filter>
    </ClCompile>
    <ClCompile Include="gl_vidnt.c">
      <Filter>Source Files\Graphics</Filter>
    </ClCompile>
    <ClCompile Include="gl_warp.c">
      <Filter>Source Files\Graphics</Filter>
    </ClCompile>
    <ClCompile Include="image.c">
      <Filter>Source Files\Graphics</Filter>
    </ClCompile>
    <ClCompile Include="r_alias.c">
      <Filter>Source Files\Graphics</Filter>
    </ClCompile>
    <ClCompile Include="r_brush.c">
      <Filter>Source Files\Graphics</Filter>
    </ClCompile>
    <ClCompile Include="r_part.c">
      <Filter>Source Files\Graphics</Filter>
    </ClCompile>
    <ClCompile Include="r_sprite.c">
      <Filter>Source Files\Graphics</Filter>
    </ClCompile>
    <ClCompile Include="r_world.c">
      <Filter>Source Files\Graphics</Filter>
    </ClCompile>
    <ClCompile Include="view.c">
      <Filter>Source Files\Graphics</Filter>
    </ClCompile>
    <ClCompile Include="wad.c">
      <Filter>Source Files\Graphics</Filter>
    </ClCompile>
    <ClCompile Include="net_dgrm.c">
      <Filter>Source Files\Network</Filter>
    </ClCompile>
    <ClCompile Include="net_loop.c">
      <Filter>Source Files\Network</Filter>
    </ClCompile>
    <ClCompile Include="net_main.c">
      <Filter>Source Files\Network</Filter>
    </ClCompile>
    <ClCompile Include="net_win.c">
      <Filter>Source Files\Network</Filter>
    </ClCompile>
    <ClCompile Include="net_wins.c">
      <Filter>Source Files\Network</Filter>
    </ClCompile>
    <ClCompile Include="net_wipx.c">
      <Filter>Source Files\Network</Filter>
    </ClCompile>
    <ClCompile Include="pr_cmds.c">
      <Filter>Source Files\Server</Filter>
    </ClCompile>
    <ClCompile Include="pr_edict.c">
      <Filter>Source Files\Server</Filter>
    </ClCompile>
    <ClCompile Include="pr_exec.c">
      <Filter>Source Files\Server</Filter>
    </ClCompile>
    <ClCompile Include="sv_main.c">
      <Filter>Source Files\Server</Filter>
    </ClCompile>
    <ClCompile Include="sv_move.c">
      <Filter>Source Files\Server</Filter>
    </ClCompile>
    <ClCompile Include="sv_phys.c">
      <Filter>Source Files\Server</Filter>
    </ClCompile>
    <ClCompile Include="sv_user.c">
      <Filter>Source Files\Server</Filter>
    </ClCompile>
    <ClCompile Include="world.c">
      <Filter>Source Files\Server</Filter>
    </ClCompile>
    <ClCompile Include="cmd.c">
      <Filter>Source Files\UI</Filter>
    </ClCompile>
    <ClCompile Include="conproc.c">
      <Filter>Source Files\UI</Filter>
    </ClCompile>
    <ClCompile Include="console.c">
      <Filter>Source Files\UI</Filter>
    </ClCompile>
    <ClCompile Include="cvar.c">
      <Filter>Source Files\UI</Filter>
    </ClCompile>
    <ClCompile Include="in_win.c">
      <Filter>Source Files\UI</Filter>
    </ClCompile>
    <ClCompile Include="keys.c">
      <Filter>Source Files\UI</Filter>
    </ClCompile>
    <ClCompile Include="menu.c">
      <Filter>Source Files\UI</Filter>
    </ClCompile>
    <ClCompile Include="sbar.c">
      <Filter>Source Files\UI</Filter>
    </ClCompile>
    <ClCompile Include="common.c">
      <Filter>Source Files\Misc</Filter>
    </ClCompile>
    <ClCompile Include="crc.c">
      <Filter>Source Files\Misc</Filter>
    </ClCompile>
    <ClCompile Include="host.c">
      <Filter>Source Files\Misc</Filter>
    </ClCompile>
    <ClCompile Include="host_cmd.c">
      <Filter>Source Files\Misc</Filter>
    </ClCompile>
    <ClCompile Include="mathlib.c">
      <Filter>Source Files\Misc</Filter>
    </ClCompile>
    <ClCompile Include="sys_win.c">
      <Filter>Source Files\Misc</Filter>
    </ClCompile>
    <ClCompile Include="test.c">
      <Filter>Source Files\Misc</Filter>
    </ClCompile>
    <ClCompile Include="zone.c">
      <Filter>Source Files\Misc</Filter>
    </ClCompile>
  </ItemGroup>
  <ItemGroup>
    <Image Include="fitzquake.ico">
      <Filter>Resource Files</Filter>
    </Image>
  </ItemGroup>
  <ItemGroup>
    <CustomBuild Include="progdefs.q1">
      <Filter>Resource Files</Filter>
    </CustomBuild>
  </ItemGroup>
</Project>